{
    "_meta": {
        "hash": {
            "sha256": "1413451b055f264f677129467bcf6b2c45990b04e818430f53ce21cbb6f67feb"
        },
        "pipfile-spec": 6,
        "requires": {
            "python_version": "3.8"
        },
        "sources": [
            {
                "name": "pypi",
                "url": "https://pypi.org/simple",
                "verify_ssl": true
            }
        ]
    },
    "default": {
        "mouseinfo": {
            "hashes": [
                "sha256:2c62fb8885062b8e520a3cce0a297c657adcc08c60952eb05bc8256ef6f7f6e7"
            ],
            "version": "==0.1.3"
        },
        "numpy": {
            "hashes": [
                "sha256:04c7d4ebc5ff93d9822075ddb1751ff392a4375e5885299445fcebf877f179d5",
                "sha256:0bfd85053d1e9f60234f28f63d4a5147ada7f432943c113a11afcf3e65d9d4c8",
                "sha256:0c66da1d202c52051625e55a249da35b31f65a81cb56e4c69af0dfb8fb0125bf",
                "sha256:0d310730e1e793527065ad7dde736197b705d0e4c9999775f212b03c44a8484c",
                "sha256:1669ec8e42f169ff715a904c9b2105b6640f3f2a4c4c2cb4920ae8b2785dac65",
                "sha256:2117536e968abb7357d34d754e3733b0d7113d4c9f1d921f21a3d96dec5ff716",
                "sha256:3733640466733441295b0d6d3dcbf8e1ffa7e897d4d82903169529fd3386919a",
                "sha256:4339741994c775396e1a274dba3609c69ab0f16056c1077f18979bec2a2c2e6e",
                "sha256:51ee93e1fac3fe08ef54ff1c7f329db64d8a9c5557e6c8e908be9497ac76374b",
                "sha256:54045b198aebf41bf6bf4088012777c1d11703bf74461d70cd350c0af2182e45",
                "sha256:58d66a6b3b55178a1f8a5fe98df26ace76260a70de694d99577ddeab7eaa9a9d",
                "sha256:59f3d687faea7a4f7f93bd9665e5b102f32f3fa28514f15b126f099b7997203d",
                "sha256:62139af94728d22350a571b7c82795b9d59be77fc162414ada6c8b6a10ef5d02",
                "sha256:7118f0a9f2f617f921ec7d278d981244ba83c85eea197be7c5a4f84af80a9c3c",
                "sha256:7c6646314291d8f5ea900a7ea9c4261f834b5b62159ba2abe3836f4fa6705526",
                "sha256:967c92435f0b3ba37a4257c48b8715b76741410467e2bdb1097e8391fccfae15",
                "sha256:9a3001248b9231ed73894c773142658bab914645261275f675d86c290c37f66d",
                "sha256:aba1d5daf1144b956bc87ffb87966791f5e9f3e1f6fab3d7f581db1f5b598f7a",
                "sha256:addaa551b298052c16885fc70408d3848d4e2e7352de4e7a1e13e691abc734c1",
                "sha256:b594f76771bc7fc8a044c5ba303427ee67c17a09b36e1fa32bde82f5c419d17a",
                "sha256:c35a01777f81e7333bcf276b605f39c872e28295441c265cd0c860f4b40148c1",
                "sha256:cebd4f4e64cfe87f2039e4725781f6326a61f095bc77b3716502bed812b385a9",
                "sha256:d526fa58ae4aead839161535d59ea9565863bb0b0bdb3cc63214613fb16aced4",
                "sha256:d7ac33585e1f09e7345aa902c281bd777fdb792432d27fca857f39b70e5dd31c",
                "sha256:e6ddbdc5113628f15de7e4911c02aed74a4ccff531842c583e5032f6e5a179bd",
                "sha256:eb25c381d168daf351147713f49c626030dcff7a393d5caa62515d415a6071d8"
            ],
            "index": "pypi",
            "version": "==1.19.2"
        },
        "opencv-python": {
            "hashes": [
                "sha256:16864152aa6ac346ef83588d6f4f5dc974d27851c034d6970fcb7b6a98bbd318",
                "sha256:23dade76fe0194139112eea7ecdfa02ae09924b1d8d853f17f387a356519e484",
                "sha256:27d5b83edd245a12dd6b8562569ad3f23e5ffe30cef8cfcc70756dd24b55d12f",
                "sha256:2a2a7590b99d872b193cda0592b2c1cd6561159c31b361597c0e69e8926c8d16",
                "sha256:46032d4648c74730115f8522effda8ac39bd0385f07edc7aab57b41cc7617933",
                "sha256:4c195597d5286d1cc7259aeaeb7e6c1cde07fec9bddf26523eab1b15709291aa",
                "sha256:69c971fefb633cfd334ed195d58e76e87f267649f98a2394f7400b178e918936",
                "sha256:80b5b68e9c5dda29205ca112e6d5bd647b6b43cf917cfa5ce178d61675291bba",
                "sha256:98676d349fdfc17dba9f23b87e9b6a639733d35f5f0ffcccb90e76c8200568f4",
                "sha256:9df617736351100879b70d914366b9f9e38aa227885f2590b48badc4a233119d",
                "sha256:b2147317b00b20e8d7e01201221af2b278aed449fa436316c42bc63f653e8245",
                "sha256:d838ee4562f52793b1b10876e5067cae1a6bb1c3c575091644be9b88cf45d255",
                "sha256:db74a92ef9c2a0810e1436d586b3b15d421a39b72f06263358f15c7a609498e0",
                "sha256:e100a4ffdeed8c4afac6a5b3f6b4481efe0ad90e0a0ae2d129478abd4bd790bc",
                "sha256:e87d88a820050c0e886c9add48eac2f80ff29207a98cca25869a6868c519daa4",
                "sha256:fdf017c5b93d58ad77e2690e59322fd09414705c28d69b52fad4a19985422e6c"
            ],
            "index": "pypi",
            "version": "==4.4.0.44"
        },
        "pillow": {
            "hashes": [
                "sha256:0295442429645fa16d05bd567ef5cff178482439c9aad0411d3f0ce9b88b3a6f",
                "sha256:06aba4169e78c439d528fdeb34762c3b61a70813527a2c57f0540541e9f433a8",
                "sha256:09d7f9e64289cb40c2c8d7ad674b2ed6105f55dc3b09aa8e4918e20a0311e7ad",
                "sha256:0a80dd307a5d8440b0a08bd7b81617e04d870e40a3e46a32d9c246e54705e86f",
                "sha256:1ca594126d3c4def54babee699c055a913efb01e106c309fa6b04405d474d5ae",
                "sha256:25930fadde8019f374400f7986e8404c8b781ce519da27792cbe46eabec00c4d",
                "sha256:431b15cffbf949e89df2f7b48528be18b78bfa5177cb3036284a5508159492b5",
                "sha256:52125833b070791fcb5710fabc640fc1df07d087fc0c0f02d3661f76c23c5b8b",
                "sha256:5e51ee2b8114def244384eda1c82b10e307ad9778dac5c83fb0943775a653cd8",
                "sha256:612cfda94e9c8346f239bf1a4b082fdd5c8143cf82d685ba2dba76e7adeeb233",
                "sha256:6d7741e65835716ceea0fd13a7d0192961212fd59e741a46bbed7a473c634ed6",
                "sha256:6edb5446f44d901e8683ffb25ebdfc26988ee813da3bf91e12252b57ac163727",
                "sha256:725aa6cfc66ce2857d585f06e9519a1cc0ef6d13f186ff3447ab6dff0a09bc7f",
                "sha256:8dad18b69f710bf3a001d2bf3afab7c432785d94fcf819c16b5207b1cfd17d38",
                "sha256:94cf49723928eb6070a892cb39d6c156f7b5a2db4e8971cb958f7b6b104fb4c4",
                "sha256:97f9e7953a77d5a70f49b9a48da7776dc51e9b738151b22dacf101641594a626",
                "sha256:9ad7f865eebde135d526bb3163d0b23ffff365cf87e767c649550964ad72785d",
                "sha256:9c87ef410a58dd54b92424ffd7e28fd2ec65d2f7fc02b76f5e9b2067e355ebf6",
                "sha256:a060cf8aa332052df2158e5a119303965be92c3da6f2d93b6878f0ebca80b2f6",
                "sha256:c79f9c5fb846285f943aafeafda3358992d64f0ef58566e23484132ecd8d7d63",
                "sha256:c92302a33138409e8f1ad16731568c55c9053eee71bb05b6b744067e1b62380f",
                "sha256:d08b23fdb388c0715990cbc06866db554e1822c4bdcf6d4166cf30ac82df8c41",
                "sha256:d350f0f2c2421e65fbc62690f26b59b0bcda1b614beb318c81e38647e0f673a1",
                "sha256:e901964262a56d9ea3c2693df68bc9860b8bdda2b04768821e4c44ae797de117",
                "sha256:ec29604081f10f16a7aea809ad42e27764188fc258b02259a03a8ff7ded3808d",
                "sha256:edf31f1150778abd4322444c393ab9c7bd2af271dd4dafb4208fb613b1f3cdc9",
                "sha256:f7e30c27477dffc3e85c2463b3e649f751789e0f6c8456099eea7ddd53be4a8a",
                "sha256:ffe538682dc19cc542ae7c3e504fdf54ca7f86fb8a135e59dd6bc8627eae6cce"
            ],
            "markers": "python_version >= '3.5'",
            "version": "==7.2.0"
        },
        "pyautogui": {
            "hashes": [
                "sha256:ac293fa2e74fc29d52056c8401ec8ec248db72cd77732e12dfae5caa32c432ca"
            ],
            "index": "pypi",
            "version": "==0.9.50"
        },
        "pygetwindow": {
            "hashes": [
                "sha256:ed4ae595ed404fc3d896233a5b8db819162992f100ddfcf4878ed2c34972e560"
            ],
            "version": "==0.0.8"
        },
        "pymsgbox": {
            "hashes": [
                "sha256:8e088903a3b1e4f46edd3b23cccf20609d0d06e52d559056482a6e8b75f0dc1a"
            ],
            "version": "==1.0.8"
        },
        "pyperclip": {
            "hashes": [
                "sha256:b75b975160428d84608c26edba2dec146e7799566aea42c1fe1b32e72b6028f2"
            ],
            "version": "==1.8.0"
        },
        "pyrect": {
            "hashes": [
                "sha256:3b2fa7353ce32a11aa6b0a15495968d2a763423c8947ae248b92c037def4e202"
            ],
            "version": "==0.1.4"
        },
        "pyscreeze": {
            "hashes": [
                "sha256:224963114176208eee13b0b984de1f5fdc11b7393ce48ad2b52390dc8855d346"
            ],
            "version": "==0.1.26"
        },
        "pytweening": {
            "hashes": [
                "sha256:4b608a570f4dccf2201e898f643c2a12372eb1d71a3dbc7e778771b603ca248b"
            ],
            "version": "==1.0.3"
        }
    },
    "develop": {}
}
